
Microsoft Visual Studio Solution File, Format Version 12.00
# Visual Studio Version 16
VisualStudioVersion = 25.0.1706.9
MinimumVisualStudioVersion = 10.0.40219.1
Project("{FAE04EC0-301F-11D3-BF4B-00C04F79EFBC}") = "BuildingDestructionProblem", "BuildingDestructionProblem\BuildingDestructionProblem.csproj", "{A29857A4-18EE-4B67-BADE-5592DFD02F63}"
EndProject
Global
	GlobalSection(SolutionConfigurationPlatforms) = preSolution
		Debug|Any CPU = Debug|Any CPU
		Release|Any CPU = Release|Any CPU
	EndGlobalSection
	GlobalSection(ProjectConfigurationPlatforms) = postSolution
		{A29857A4-18EE-4B67-BADE-5592DFD02F63}.Debug|Any CPU.ActiveCfg = Debug|Any CPU
		{A29857A4-18EE-4B67-BADE-5592DFD02F63}.Debug|Any CPU.Build.0 = Debug|Any CPU
		{A29857A4-18EE-4B67-BADE-5592DFD02F63}.Release|Any CPU.ActiveCfg = Release|Any CPU
		{A29857A4-18EE-4B67-BADE-5592DFD02F63}.Release|Any CPU.Build.0 = Release|Any CPU
	EndGlobalSection
	GlobalSection(SolutionProperties) = preSolution
		HideSolutionNode = FALSE
	EndGlobalSection
	GlobalSection(ExtensibilityGlobals) = postSolution
		SolutionGuid = {E59DBC14-EE0C-4B20-96D1-24BB4F6E5860}
	EndGlobalSection
EndGlobal
